<?xml version="1.0" encoding="UTF-8" standalone="yes" ?>
<CodeBlocks_project_file>
	<FileVersion major="1" minor="6" />
	<Project>
		<Option title="MattCraft" />
		<Option pch_mode="2" />
		<Option compiler="gcc" />
		<Build>
			<Target title="Debug">
				<Option output="bin/Debug/MattCraft" prefix_auto="1" extension_auto="1" />
				<Option object_output="obj/Debug/" />
				<Option type="1" />
				<Option compiler="gcc" />
				<Compiler>
					<Add option="-g" />
					<Add directory="Source/PostFX" />
					<Add directory="Source/Renderer" />
				</Compiler>
				<Linker>
					<Add library="sfml-graphics-d" />
					<Add library="sfml-window-d" />
					<Add library="sfml-audio-d" />
					<Add library="sfml-network-d" />
					<Add library="sfml-system-d" />
				</Linker>
			</Target>
			<Target title="Release">
				<Option output="bin/Release/MattCraft" prefix_auto="1" extension_auto="1" />
				<Option object_output="obj/Release/" />
				<Option type="1" />
				<Option compiler="gcc" />
				<Compiler>
					<Add option="-fomit-frame-pointer" />
					<Add option="-fexpensive-optimizations" />
					<Add option="-O3" />
					<Add directory="Source/PostFX" />
					<Add directory="Source/Renderer" />
				</Compiler>
				<Linker>
					<Add option="-s" />
					<Add library="sfml-graphics" />
					<Add library="sfml-window" />
					<Add library="sfml-audio" />
					<Add library="sfml-network" />
					<Add library="sfml-system" />
				</Linker>
			</Target>
		</Build>
		<Compiler>
			<Add option="-Wall" />
			<Add option="-std=c++14" />
			<Add option="-DGLEW_STATIC" />
			<Add directory="D:/_Programming Libraries/C++/SFML Libraries/SFML MinGW/include" />
		</Compiler>
		<Linker>
			<Add library="opengl32" />
			<Add directory="D:/_Programming Libraries/C++/SFML Libraries/SFML MinGW/lib" />
		</Linker>
		<Unit filename="Data/Blocks/Air.block" />
		<Unit filename="Data/Blocks/Cactus.block" />
		<Unit filename="Data/Blocks/Cobblestone.block" />
		<Unit filename="Data/Blocks/Coral.block" />
		<Unit filename="Data/Blocks/Dead_Shrub.block" />
		<Unit filename="Data/Blocks/Dirt.block" />
		<Unit filename="Data/Blocks/Glass.block" />
		<Unit filename="Data/Blocks/Grass.block" />
		<Unit filename="Data/Blocks/Oak_Leaf.block" />
		<Unit filename="Data/Blocks/Oak_Plank.block" />
		<Unit filename="Data/Blocks/Oak_Wood.block" />
		<Unit filename="Data/Blocks/Rose.block" />
		<Unit filename="Data/Blocks/Sand.block" />
		<Unit filename="Data/Blocks/Snow.block" />
		<Unit filename="Data/Blocks/Stone.block" />
		<Unit filename="Data/Blocks/Stone_Bricks.block" />
		<Unit filename="Data/Blocks/Tall_Grass.block" />
		<Unit filename="Data/Blocks/Water.block" />
		<Unit filename="Data/Images/cow.jpg" />
		<Unit filename="Shaders/Flora_Fragment.glsl" />
		<Unit filename="Shaders/Flora_Vertex.glsl" />
		<Unit filename="Shaders/Ground_Fragment.glsl" />
		<Unit filename="Shaders/Ground_Vertex.glsl" />
		<Unit filename="Shaders/Water_Fragment.glsl" />
		<Unit filename="Shaders/Water_Vertex.glsl" />
		<Unit filename="Source/AABB.cpp" />
		<Unit filename="Source/AABB.h" />
		<Unit filename="Source/Application.cpp" />
		<Unit filename="Source/Application.h" />
		<Unit filename="Source/D_Settings.h" />
		<Unit filename="Source/Game_States/Game_State.cpp" />
		<Unit filename="Source/Game_States/Game_State.h" />
		<Unit filename="Source/Game_States/Playing_State.cpp" />
		<Unit filename="Source/Game_States/Playing_State.h" />
		<Unit filename="Source/Input/Function_Toggle_Key.cpp" />
		<Unit filename="Source/Input/Function_Toggle_Key.h" />
		<Unit filename="Source/Loader.cpp" />
		<Unit filename="Source/Loader.h" />
		<Unit filename="Source/Main.cpp" />
		<Unit filename="Source/Maths/General_Maths.cpp" />
		<Unit filename="Source/Maths/General_Maths.h" />
		<Unit filename="Source/Maths/Matrix_Maths.cpp" />
		<Unit filename="Source/Maths/Matrix_Maths.h" />
		<Unit filename="Source/Maths/Position_Converter_Maths.cpp" />
		<Unit filename="Source/Maths/Position_Converter_Maths.h" />
		<Unit filename="Source/Maths/Ray.cpp" />
		<Unit filename="Source/Maths/Ray.h" />
		<Unit filename="Source/Maths/Viewing_Frustum.cpp" />
		<Unit filename="Source/Maths/Viewing_Frustum.h" />
		<Unit filename="Source/Model/Model.cpp" />
		<Unit filename="Source/Model/Model.h" />
		<Unit filename="Source/OpenGL/GLM/glm_transformations.h" />
		<Unit filename="Source/OpenGL/Glew/glew.c">
			<Option compilerVar="CC" />
		</Unit>
		<Unit filename="Source/OpenGL/Glew/glew.h" />
		<Unit filename="Source/OpenGL/Glew/wglew.h" />
		<Unit filename="Source/Player/Camera.cpp" />
		<Unit filename="Source/Player/Camera.h" />
		<Unit filename="Source/Player/Player.cpp" />
		<Unit filename="Source/Player/Player.h" />
		<Unit filename="Source/PostFX/Framebuffer_Object.cpp" />
		<Unit filename="Source/PostFX/Framebuffer_Object.h" />
		<Unit filename="Source/Renderer/Chunk_Renderer.cpp" />
		<Unit filename="Source/Renderer/Chunk_Renderer.h" />
		<Unit filename="Source/Renderer/Flora_Renderer.cpp" />
		<Unit filename="Source/Renderer/Flora_Renderer.h" />
		<Unit filename="Source/Renderer/Master_Renderer.cpp" />
		<Unit filename="Source/Renderer/Master_Renderer.h" />
		<Unit filename="Source/Renderer/SFML_Renderer.cpp" />
		<Unit filename="Source/Renderer/SFML_Renderer.h" />
		<Unit filename="Source/Renderer/Water_Renderer.cpp" />
		<Unit filename="Source/Renderer/Water_Renderer.h" />
		<Unit filename="Source/Shaders/Chunk_Shader.cpp" />
		<Unit filename="Source/Shaders/Chunk_Shader.h" />
		<Unit filename="Source/Shaders/Flora_Shader.cpp" />
		<Unit filename="Source/Shaders/Flora_Shader.h" />
		<Unit filename="Source/Shaders/Shader.cpp" />
		<Unit filename="Source/Shaders/Shader.h" />
		<Unit filename="Source/Shaders/Shader_Loader.cpp" />
		<Unit filename="Source/Shaders/Shader_Loader.h" />
		<Unit filename="Source/Shaders/Water_Shader.cpp" />
		<Unit filename="Source/Shaders/Water_Shader.h" />
		<Unit filename="Source/Texture/Texture.cpp" />
		<Unit filename="Source/Texture/Texture.h" />
		<Unit filename="Source/Texture/Texture_Atlas.cpp" />
		<Unit filename="Source/Texture/Texture_Atlas.h" />
		<Unit filename="Source/Util/Debug_Display.cpp" />
		<Unit filename="Source/Util/Debug_Display.h" />
		<Unit filename="Source/Util/Directory_Creator.cpp" />
		<Unit filename="Source/Util/Directory_Creator.h" />
		<Unit filename="Source/Util/Display.cpp" />
		<Unit filename="Source/Util/Display.h" />
		<Unit filename="Source/Util/Hasher.cpp" />
		<Unit filename="Source/Util/Hasher.h" />
		<Unit filename="Source/Util/Noise_Generator.cpp" />
		<Unit filename="Source/Util/Noise_Generator.h" />
		<Unit filename="Source/Util/Random.cpp" />
		<Unit filename="Source/Util/Random.h" />
		<Unit filename="Source/World/Block/Block.cpp" />
		<Unit filename="Source/World/Block/Block.h" />
		<Unit filename="Source/World/Block/Block_Location.cpp" />
		<Unit filename="Source/World/Block/Block_Location.h" />
		<Unit filename="Source/World/Block/D_Blocks.cpp" />
		<Unit filename="Source/World/Block/D_Blocks.h" />
		<Unit filename="Source/World/Block/E_Block_ID.h" />
		<Unit filename="Source/World/Block/E_Block_Physical_State.h" />
		<Unit filename="Source/World/Block/E_Block_Type.h" />
		<Unit filename="Source/World/Chunk/Chunk.cpp" />
		<Unit filename="Source/World/Chunk/Chunk.h" />
		<Unit filename="Source/World/Chunk/Chunk_Biome.cpp" />
		<Unit filename="Source/World/Chunk/Chunk_Blocks.cpp" />
		<Unit filename="Source/World/Chunk/Chunk_Blocks.h" />
		<Unit filename="Source/World/Chunk/Chunk_Layer.cpp" />
		<Unit filename="Source/World/Chunk/Chunk_Layer.h" />
		<Unit filename="Source/World/Chunk/Chunk_Location.cpp" />
		<Unit filename="Source/World/Chunk/Chunk_Location.h" />
		<Unit filename="Source/World/Chunk/Chunk_Map.cpp" />
		<Unit filename="Source/World/Chunk/Chunk_Map.h" />
		<Unit filename="Source/World/Chunk/Chunk_Mesh.cpp" />
		<Unit filename="Source/World/Chunk/Chunk_Mesh.h" />
		<Unit filename="Source/World/Gen/Biome.cpp" />
		<Unit filename="Source/World/Gen/Biome.h" />
		<Unit filename="Source/World/Gen/Structure.cpp" />
		<Unit filename="Source/World/Gen/Structure.h" />
		<Unit filename="Source/World/Gen/World_Generator.cpp" />
		<Unit filename="Source/World/Gen/World_Generator.h" />
		<Unit filename="Source/World/Structure.h" />
		<Unit filename="Templates/Shader_template.txt" />
		<Unit filename="Templates/State_template.txt" />
		<Unit filename="libgcc_s_sjlj-1.dll" />
		<Unit filename="libstdc++-6.dll" />
		<Unit filename="openal32.dll" />
		<Unit filename="sfml-audio-2.dll" />
		<Unit filename="sfml-audio-d-2.dll" />
		<Unit filename="sfml-graphics-2.dll" />
		<Unit filename="sfml-graphics-d-2.dll" />
		<Unit filename="sfml-network-2.dll" />
		<Unit filename="sfml-network-d-2.dll" />
		<Unit filename="sfml-system-2.dll" />
		<Unit filename="sfml-system-d-2.dll" />
		<Unit filename="sfml-window-2.dll" />
		<Unit filename="sfml-window-d-2.dll" />
		<Extensions>
			<code_completion />
			<envvars />
			<debugger />
		</Extensions>
	</Project>
</CodeBlocks_project_file>
